
Microsoft Visual Studio Solution File, Format Version 12.00
# Visual Studio 15
VisualStudioVersion = 15.0.33801.198
MinimumVisualStudioVersion = 10.0.40219.1
Project("{FAE04EC0-301F-11D3-BF4B-00C04F79EFBC}") = "testpj", "testpj\testpj.csproj", "{184F12FD-AA19-4DB8-B557-EA1C82553FFD}"
EndProject
Global
	GlobalSection(SolutionConfigurationPlatforms) = preSolution
		Debug|Any CPU = Debug|Any CPU
		Release|Any CPU = Release|Any CPU
	EndGlobalSection
	GlobalSection(ProjectConfigurationPlatforms) = postSolution
		{184F12FD-AA19-4DB8-B557-EA1C82553FFD}.Debug|Any CPU.ActiveCfg = Debug|Any CPU
		{184F12FD-AA19-4DB8-B557-EA1C82553FFD}.Debug|Any CPU.Build.0 = Debug|Any CPU
		{184F12FD-AA19-4DB8-B557-EA1C82553FFD}.Release|Any CPU.ActiveCfg = Release|Any CPU
		{184F12FD-AA19-4DB8-B557-EA1C82553FFD}.Release|Any CPU.Build.0 = Release|Any CPU
	EndGlobalSection
	GlobalSection(SolutionProperties) = preSolution
		HideSolutionNode = FALSE
	EndGlobalSection
	GlobalSection(ExtensibilityGlobals) = postSolution
		SolutionGuid = {B67BF72A-B5C5-4E1B-886E-C9F2AF9AE7D1}
	EndGlobalSection
EndGlobal
